
Microsoft Visual Studio Solution File, Format Version 12.00
# Visual Studio Version 17
VisualStudioVersion = 17.1.32328.378
MinimumVisualStudioVersion = 10.0.40219.1
Project("{FAE04EC0-301F-11D3-BF4B-00C04F79EFBC}") = "JobAgency", "JobAgency.csproj", "{980C2216-5ED5-4364-BA1A-5CE26A0FF02A}"
EndProject
Global
	GlobalSection(SolutionConfigurationPlatforms) = preSolution
		Debug|Any CPU = Debug|Any CPU
		Release|Any CPU = Release|Any CPU
	EndGlobalSection
	GlobalSection(ProjectConfigurationPlatforms) = postSolution
		{980C2216-5ED5-4364-BA1A-5CE26A0FF02A}.Debug|Any CPU.ActiveCfg = Debug|Any CPU
		{980C2216-5ED5-4364-BA1A-5CE26A0FF02A}.Debug|Any CPU.Build.0 = Debug|Any CPU
		{980C2216-5ED5-4364-BA1A-5CE26A0FF02A}.Release|Any CPU.ActiveCfg = Release|Any CPU
		{980C2216-5ED5-4364-BA1A-5CE26A0FF02A}.Release|Any CPU.Build.0 = Release|Any CPU
	EndGlobalSection
	GlobalSection(SolutionProperties) = preSolution
		HideSolutionNode = FALSE
	EndGlobalSection
	GlobalSection(ExtensibilityGlobals) = postSolution
		SolutionGuid = {1E067E83-F2D1-4BEF-8C76-ECB2D508605B}
	EndGlobalSection
EndGlobal
